
Microsoft Visual Studio Solution File, Format Version 12.00
# Visual Studio Version 16
VisualStudioVersion = 16.0.31025.194
MinimumVisualStudioVersion = 10.0.40219.1
Project("{9A19103F-16F7-4668-BE54-9A1E7A4F7556}") = "Ckode.Hashing", "src\Ckode.Hashing\Ckode.Hashing.csproj", "{CCFAEDD4-C9FE-4CBA-95BF-B45E39BD47ED}"
EndProject
Project("{FAE04EC0-301F-11D3-BF4B-00C04F79EFBC}") = "Ckode.Hashing.Tests", "tests\Ckode.Hashing.Tests\Ckode.Hashing.Tests.csproj", "{9F2B3088-E0D9-4006-88DD-FC174B83DDA1}"
EndProject
Project("{2150E333-8FDC-42A3-9474-1A3956D46DE8}") = "src", "src", "{A522D496-38A9-47CA-B466-5972EC91A4B8}"
EndProject
Project("{2150E333-8FDC-42A3-9474-1A3956D46DE8}") = "tests", "tests", "{A33CBE36-2432-45A9-8B91-EE9534BDBB3B}"
EndProject
Project("{2150E333-8FDC-42A3-9474-1A3956D46DE8}") = "Solution Items", "Solution Items", "{D175DBDB-B1C6-4A05-BB8D-71855B9CA245}"
	ProjectSection(SolutionItems) = preProject
		Directory.Build.props = Directory.Build.props
		.editorconfig = .editorconfig
	EndProjectSection
EndProject
Global
	GlobalSection(SolutionConfigurationPlatforms) = preSolution
		Debug|Any CPU = Debug|Any CPU
		Release|Any CPU = Release|Any CPU
	EndGlobalSection
	GlobalSection(ProjectConfigurationPlatforms) = postSolution
		{CCFAEDD4-C9FE-4CBA-95BF-B45E39BD47ED}.Debug|Any CPU.ActiveCfg = Debug|Any CPU
		{CCFAEDD4-C9FE-4CBA-95BF-B45E39BD47ED}.Debug|Any CPU.Build.0 = Debug|Any CPU
		{CCFAEDD4-C9FE-4CBA-95BF-B45E39BD47ED}.Release|Any CPU.ActiveCfg = Release|Any CPU
		{CCFAEDD4-C9FE-4CBA-95BF-B45E39BD47ED}.Release|Any CPU.Build.0 = Release|Any CPU
		{9F2B3088-E0D9-4006-88DD-FC174B83DDA1}.Debug|Any CPU.ActiveCfg = Debug|Any CPU
		{9F2B3088-E0D9-4006-88DD-FC174B83DDA1}.Debug|Any CPU.Build.0 = Debug|Any CPU
		{9F2B3088-E0D9-4006-88DD-FC174B83DDA1}.Release|Any CPU.ActiveCfg = Release|Any CPU
		{9F2B3088-E0D9-4006-88DD-FC174B83DDA1}.Release|Any CPU.Build.0 = Release|Any CPU
	EndGlobalSection
	GlobalSection(SolutionProperties) = preSolution
		HideSolutionNode = FALSE
	EndGlobalSection
	GlobalSection(ExtensibilityGlobals) = postSolution
		SolutionGuid = {722DE8BE-C093-4F72-A638-1F6068C010B9}
	EndGlobalSection
	GlobalSection(NestedProjects) = preSolution
		{CCFAEDD4-C9FE-4CBA-95BF-B45E39BD47ED} = {A522D496-38A9-47CA-B466-5972EC91A4B8}
		{9F2B3088-E0D9-4006-88DD-FC174B83DDA1} = {A33CBE36-2432-45A9-8B91-EE9534BDBB3B}
	EndGlobalSection
EndGlobal
