
Microsoft Visual Studio Solution File, Format Version 12.00
# Visual Studio 15
VisualStudioVersion = 15.0.27130.2036
MinimumVisualStudioVersion = 10.0.40219.1
Project("{FAE04EC0-301F-11D3-BF4B-00C04F79EFBC}") = "Ckode.Hashing", "Ckode.Hashing\Ckode.Hashing.csproj", "{CC3E2BCB-26B4-4DA1-BB48-F4A6ED40CF32}"
EndProject
Project("{FAE04EC0-301F-11D3-BF4B-00C04F79EFBC}") = "Ckode.Hashing.Examples", "Ckode.Hashing.Examples\Ckode.Hashing.Examples.csproj", "{5FB903D6-1CFC-4D0A-80F5-B0F2442C7174}"
EndProject
Global
	GlobalSection(SolutionConfigurationPlatforms) = preSolution
		Debug|Any CPU = Debug|Any CPU
		Release|Any CPU = Release|Any CPU
	EndGlobalSection
	GlobalSection(ProjectConfigurationPlatforms) = postSolution
		{CC3E2BCB-26B4-4DA1-BB48-F4A6ED40CF32}.Debug|Any CPU.ActiveCfg = Debug|Any CPU
		{CC3E2BCB-26B4-4DA1-BB48-F4A6ED40CF32}.Debug|Any CPU.Build.0 = Debug|Any CPU
		{CC3E2BCB-26B4-4DA1-BB48-F4A6ED40CF32}.Release|Any CPU.ActiveCfg = Release|Any CPU
		{CC3E2BCB-26B4-4DA1-BB48-F4A6ED40CF32}.Release|Any CPU.Build.0 = Release|Any CPU
		{5FB903D6-1CFC-4D0A-80F5-B0F2442C7174}.Debug|Any CPU.ActiveCfg = Debug|Any CPU
		{5FB903D6-1CFC-4D0A-80F5-B0F2442C7174}.Debug|Any CPU.Build.0 = Debug|Any CPU
		{5FB903D6-1CFC-4D0A-80F5-B0F2442C7174}.Release|Any CPU.ActiveCfg = Release|Any CPU
		{5FB903D6-1CFC-4D0A-80F5-B0F2442C7174}.Release|Any CPU.Build.0 = Release|Any CPU
	EndGlobalSection
	GlobalSection(SolutionProperties) = preSolution
		HideSolutionNode = FALSE
	EndGlobalSection
	GlobalSection(ExtensibilityGlobals) = postSolution
		SolutionGuid = {D4014892-7772-4F62-A129-962EAAAF290B}
	EndGlobalSection
EndGlobal
