
Microsoft Visual Studio Solution File, Format Version 12.00
# Visual Studio Version 16
VisualStudioVersion = 16.0.31025.194
MinimumVisualStudioVersion = 10.0.40219.1
Project("{9A19103F-16F7-4668-BE54-9A1E7A4F7556}") = "Ckode.Hashing", "Ckode.Hashing\Ckode.Hashing.csproj", "{CCFAEDD4-C9FE-4CBA-95BF-B45E39BD47ED}"
EndProject
Project("{FAE04EC0-301F-11D3-BF4B-00C04F79EFBC}") = "Ckode.Hashing.Tests", "Ckode.Hashing.Tests\Ckode.Hashing.Tests.csproj", "{9F2B3088-E0D9-4006-88DD-FC174B83DDA1}"
EndProject
Global
	GlobalSection(SolutionConfigurationPlatforms) = preSolution
		Debug|Any CPU = Debug|Any CPU
		Release|Any CPU = Release|Any CPU
	EndGlobalSection
	GlobalSection(ProjectConfigurationPlatforms) = postSolution
		{CCFAEDD4-C9FE-4CBA-95BF-B45E39BD47ED}.Debug|Any CPU.ActiveCfg = Debug|Any CPU
		{CCFAEDD4-C9FE-4CBA-95BF-B45E39BD47ED}.Debug|Any CPU.Build.0 = Debug|Any CPU
		{CCFAEDD4-C9FE-4CBA-95BF-B45E39BD47ED}.Release|Any CPU.ActiveCfg = Release|Any CPU
		{CCFAEDD4-C9FE-4CBA-95BF-B45E39BD47ED}.Release|Any CPU.Build.0 = Release|Any CPU
		{9F2B3088-E0D9-4006-88DD-FC174B83DDA1}.Debug|Any CPU.ActiveCfg = Debug|Any CPU
		{9F2B3088-E0D9-4006-88DD-FC174B83DDA1}.Debug|Any CPU.Build.0 = Debug|Any CPU
		{9F2B3088-E0D9-4006-88DD-FC174B83DDA1}.Release|Any CPU.ActiveCfg = Release|Any CPU
		{9F2B3088-E0D9-4006-88DD-FC174B83DDA1}.Release|Any CPU.Build.0 = Release|Any CPU
	EndGlobalSection
	GlobalSection(SolutionProperties) = preSolution
		HideSolutionNode = FALSE
	EndGlobalSection
	GlobalSection(ExtensibilityGlobals) = postSolution
		SolutionGuid = {722DE8BE-C093-4F72-A638-1F6068C010B9}
	EndGlobalSection
EndGlobal
